
Microsoft Visual Studio Solution File, Format Version 12.00
# Visual Studio Version 17
VisualStudioVersion = 17.5.33530.505
MinimumVisualStudioVersion = 10.0.40219.1
Project("{9A19103F-16F7-4668-BE54-9A1E7A4F7556}") = "MySourceGen", "MySourceGen\MySourceGen.csproj", "{B3F3B564-DE24-43A1-85E5-29BE65D19CE2}"
EndProject
Project("{9A19103F-16F7-4668-BE54-9A1E7A4F7556}") = "Consumer", "Consumer\Consumer.csproj", "{50F286D0-7A6C-48EF-A4BE-BD750DC07CB7}"
EndProject
Project("{2150E333-8FDC-42A3-9474-1A3956D46DE8}") = "Solution Items", "Solution Items", "{4108CB65-5EDA-4F92-B478-512D2415BB0A}"
	ProjectSection(SolutionItems) = preProject
		README.md = README.md
	EndProjectSection
EndProject
Global
	GlobalSection(SolutionConfigurationPlatforms) = preSolution
		Debug|Any CPU = Debug|Any CPU
		Release|Any CPU = Release|Any CPU
	EndGlobalSection
	GlobalSection(ProjectConfigurationPlatforms) = postSolution
		{B3F3B564-DE24-43A1-85E5-29BE65D19CE2}.Debug|Any CPU.ActiveCfg = Debug|Any CPU
		{B3F3B564-DE24-43A1-85E5-29BE65D19CE2}.Debug|Any CPU.Build.0 = Debug|Any CPU
		{B3F3B564-DE24-43A1-85E5-29BE65D19CE2}.Release|Any CPU.ActiveCfg = Release|Any CPU
		{B3F3B564-DE24-43A1-85E5-29BE65D19CE2}.Release|Any CPU.Build.0 = Release|Any CPU
		{50F286D0-7A6C-48EF-A4BE-BD750DC07CB7}.Debug|Any CPU.ActiveCfg = Debug|Any CPU
		{50F286D0-7A6C-48EF-A4BE-BD750DC07CB7}.Debug|Any CPU.Build.0 = Debug|Any CPU
		{50F286D0-7A6C-48EF-A4BE-BD750DC07CB7}.Release|Any CPU.ActiveCfg = Release|Any CPU
		{50F286D0-7A6C-48EF-A4BE-BD750DC07CB7}.Release|Any CPU.Build.0 = Release|Any CPU
	EndGlobalSection
	GlobalSection(SolutionProperties) = preSolution
		HideSolutionNode = FALSE
	EndGlobalSection
	GlobalSection(ExtensibilityGlobals) = postSolution
		SolutionGuid = {57D4CF59-FA6F-4B85-B1A4-50D8BD482B72}
	EndGlobalSection
EndGlobal
